// !$*UTF8*$!
{
	archiveVersion = 1;
	classes = {
	};
	objectVersion = 51;
	objects = {

/* Begin PBXBuildFile section */
		19ACE7022AB496E5088A1029 /* Pods_Learn_Useful_Words.framework in Frameworks */ = {isa = PBXBuildFile; fileRef = 2F2C122DFD1CAFF9976A0F93 /* Pods_Learn_Useful_Words.framework */; };
		6925ED34255E1EDF00C18EE5 /* Word.swift in Sources */ = {isa = PBXBuildFile; fileRef = 6925ED33255E1EDF00C18EE5 /* Word.swift */; };
		693E46BA2558AC0B0033ECF8 /* AppDelegate.swift in Sources */ = {isa = PBXBuildFile; fileRef = 693E46B92558AC0B0033ECF8 /* AppDelegate.swift */; };
		693E46BC2558AC0B0033ECF8 /* SceneDelegate.swift in Sources */ = {isa = PBXBuildFile; fileRef = 693E46BB2558AC0B0033ECF8 /* SceneDelegate.swift */; };
		693E46BE2558AC0B0033ECF8 /* WordsViewController.swift in Sources */ = {isa = PBXBuildFile; fileRef = 693E46BD2558AC0B0033ECF8 /* WordsViewController.swift */; };
		693E46C12558AC0B0033ECF8 /* Main.storyboard in Resources */ = {isa = PBXBuildFile; fileRef = 693E46BF2558AC0B0033ECF8 /* Main.storyboard */; };
		693E46C32558AC0D0033ECF8 /* Assets.xcassets in Resources */ = {isa = PBXBuildFile; fileRef = 693E46C22558AC0D0033ECF8 /* Assets.xcassets */; };
		693E46C62558AC0D0033ECF8 /* LaunchScreen.storyboard in Resources */ = {isa = PBXBuildFile; fileRef = 693E46C42558AC0D0033ECF8 /* LaunchScreen.storyboard */; };
		696384F42563693C0025C61A /* K.swift in Sources */ = {isa = PBXBuildFile; fileRef = 696384F32563693C0025C61A /* K.swift */; };
		699E06F4255EE998003B9D53 /* WordsApiImpl+WordsApi.swift in Sources */ = {isa = PBXBuildFile; fileRef = 699E06F3255EE998003B9D53 /* WordsApiImpl+WordsApi.swift */; };
		699E06FF255F6597003B9D53 /* LibraryService.swift in Sources */ = {isa = PBXBuildFile; fileRef = 699E06FE255F6597003B9D53 /* LibraryService.swift */; };
		69A1B3432575609E008FF044 /* OAuthTokenEndpointResponse.swift in Sources */ = {isa = PBXBuildFile; fileRef = 69A1B3422575609E008FF044 /* OAuthTokenEndpointResponse.swift */; };
		69A1B346257586EC008FF044 /* OAuthGetTokenStateImpl+OAuthGetTokenState.swift in Sources */ = {isa = PBXBuildFile; fileRef = 69A1B345257586EC008FF044 /* OAuthGetTokenStateImpl+OAuthGetTokenState.swift */; };
		69BA4E7725709EEF00C72B61 /* OAuthService.swift in Sources */ = {isa = PBXBuildFile; fileRef = 69BA4E7625709EEF00C72B61 /* OAuthService.swift */; };
/* End PBXBuildFile section */

/* Begin PBXFileReference section */
		2459B8D189A9C5F52D232828 /* Pods-Learn Useful Words.debug.xcconfig */ = {isa = PBXFileReference; includeInIndex = 1; lastKnownFileType = text.xcconfig; name = "Pods-Learn Useful Words.debug.xcconfig"; path = "Target Support Files/Pods-Learn Useful Words/Pods-Learn Useful Words.debug.xcconfig"; sourceTree = "<group>"; };
		2F2C122DFD1CAFF9976A0F93 /* Pods_Learn_Useful_Words.framework */ = {isa = PBXFileReference; explicitFileType = wrapper.framework; includeInIndex = 0; path = Pods_Learn_Useful_Words.framework; sourceTree = BUILT_PRODUCTS_DIR; };
		6925ED33255E1EDF00C18EE5 /* Word.swift */ = {isa = PBXFileReference; lastKnownFileType = sourcecode.swift; path = Word.swift; sourceTree = "<group>"; };
		693E46B62558AC0B0033ECF8 /* Learn Useful Words.app */ = {isa = PBXFileReference; explicitFileType = wrapper.application; includeInIndex = 0; path = "Learn Useful Words.app"; sourceTree = BUILT_PRODUCTS_DIR; };
		693E46B92558AC0B0033ECF8 /* AppDelegate.swift */ = {isa = PBXFileReference; lastKnownFileType = sourcecode.swift; path = AppDelegate.swift; sourceTree = "<group>"; };
		693E46BB2558AC0B0033ECF8 /* SceneDelegate.swift */ = {isa = PBXFileReference; lastKnownFileType = sourcecode.swift; path = SceneDelegate.swift; sourceTree = "<group>"; };
		693E46BD2558AC0B0033ECF8 /* WordsViewController.swift */ = {isa = PBXFileReference; lastKnownFileType = sourcecode.swift; path = WordsViewController.swift; sourceTree = "<group>"; };
		693E46C02558AC0B0033ECF8 /* Base */ = {isa = PBXFileReference; lastKnownFileType = file.storyboard; name = Base; path = Base.lproj/Main.storyboard; sourceTree = "<group>"; };
		693E46C22558AC0D0033ECF8 /* Assets.xcassets */ = {isa = PBXFileReference; lastKnownFileType = folder.assetcatalog; path = Assets.xcassets; sourceTree = "<group>"; };
		693E46C52558AC0D0033ECF8 /* Base */ = {isa = PBXFileReference; lastKnownFileType = file.storyboard; name = Base; path = Base.lproj/LaunchScreen.storyboard; sourceTree = "<group>"; };
		693E46C72558AC0D0033ECF8 /* Info.plist */ = {isa = PBXFileReference; lastKnownFileType = text.plist.xml; path = Info.plist; sourceTree = "<group>"; };
		696384F32563693C0025C61A /* K.swift */ = {isa = PBXFileReference; lastKnownFileType = sourcecode.swift; path = K.swift; sourceTree = "<group>"; };
		699E06F3255EE998003B9D53 /* WordsApiImpl+WordsApi.swift */ = {isa = PBXFileReference; lastKnownFileType = sourcecode.swift; path = "WordsApiImpl+WordsApi.swift"; sourceTree = "<group>"; };
		699E06FE255F6597003B9D53 /* LibraryService.swift */ = {isa = PBXFileReference; lastKnownFileType = sourcecode.swift; path = LibraryService.swift; sourceTree = "<group>"; };
		69A1B3422575609E008FF044 /* OAuthTokenEndpointResponse.swift */ = {isa = PBXFileReference; lastKnownFileType = sourcecode.swift; path = OAuthTokenEndpointResponse.swift; sourceTree = "<group>"; };
		69A1B345257586EC008FF044 /* OAuthGetTokenStateImpl+OAuthGetTokenState.swift */ = {isa = PBXFileReference; lastKnownFileType = sourcecode.swift; path = "OAuthGetTokenStateImpl+OAuthGetTokenState.swift"; sourceTree = "<group>"; };
		69BA4E7625709EEF00C72B61 /* OAuthService.swift */ = {isa = PBXFileReference; lastKnownFileType = sourcecode.swift; path = OAuthService.swift; sourceTree = "<group>"; };
		CB2A12A25D23FCF758FE9B28 /* Pods-Learn Useful Words.release.xcconfig */ = {isa = PBXFileReference; includeInIndex = 1; lastKnownFileType = text.xcconfig; name = "Pods-Learn Useful Words.release.xcconfig"; path = "Target Support Files/Pods-Learn Useful Words/Pods-Learn Useful Words.release.xcconfig"; sourceTree = "<group>"; };
/* End PBXFileReference section */

/* Begin PBXFrameworksBuildPhase section */
		693E46B32558AC0B0033ECF8 /* Frameworks */ = {
			isa = PBXFrameworksBuildPhase;
			buildActionMask = 2147483647;
			files = (
				19ACE7022AB496E5088A1029 /* Pods_Learn_Useful_Words.framework in Frameworks */,
			);
			runOnlyForDeploymentPostprocessing = 0;
		};
/* End PBXFrameworksBuildPhase section */

/* Begin PBXGroup section */
		65334A091414331A5BE56BD6 /* Frameworks */ = {
			isa = PBXGroup;
			children = (
				2F2C122DFD1CAFF9976A0F93 /* Pods_Learn_Useful_Words.framework */,
			);
			name = Frameworks;
			sourceTree = "<group>";
		};
		6925ED32255E1ECE00C18EE5 /* DataAccess */ = {
			isa = PBXGroup;
			children = (
				699E06F3255EE998003B9D53 /* WordsApiImpl+WordsApi.swift */,
				69BA4E7625709EEF00C72B61 /* OAuthService.swift */,
				69A1B3422575609E008FF044 /* OAuthTokenEndpointResponse.swift */,
				69A1B345257586EC008FF044 /* OAuthGetTokenStateImpl+OAuthGetTokenState.swift */,
			);
			path = DataAccess;
			sourceTree = "<group>";
		};
		693E46AD2558AC0B0033ECF8 = {
			isa = PBXGroup;
			children = (
				6968DCED2578148A0025F2B7 /* Misc */,
				693E46B82558AC0B0033ECF8 /* Learn Useful Words */,
				693E46B72558AC0B0033ECF8 /* Products */,
				EE69AB36249B7BE90714030B /* Pods */,
				65334A091414331A5BE56BD6 /* Frameworks */,
			);
			sourceTree = "<group>";
		};
		693E46B72558AC0B0033ECF8 /* Products */ = {
			isa = PBXGroup;
			children = (
				693E46B62558AC0B0033ECF8 /* Learn Useful Words.app */,
			);
			name = Products;
			sourceTree = "<group>";
		};
		693E46B82558AC0B0033ECF8 /* Learn Useful Words */ = {
			isa = PBXGroup;
			children = (
				699E06FC255F62BF003B9D53 /* Model */,
				699E06F9255F6238003B9D53 /* View */,
				699E06EF255EE778003B9D53 /* Controller */,
				6925ED32255E1ECE00C18EE5 /* DataAccess */,
				693E46B92558AC0B0033ECF8 /* AppDelegate.swift */,
				693E46BB2558AC0B0033ECF8 /* SceneDelegate.swift */,
				693E46C22558AC0D0033ECF8 /* Assets.xcassets */,
				693E46C42558AC0D0033ECF8 /* LaunchScreen.storyboard */,
				693E46C72558AC0D0033ECF8 /* Info.plist */,
				696384F32563693C0025C61A /* K.swift */,
			);
			path = "Learn Useful Words";
			sourceTree = "<group>";
		};
		6968DCED2578148A0025F2B7 /* Misc */ = {
			isa = PBXGroup;
			children = (
			);
			path = Misc;
			sourceTree = "<group>";
		};
		699E06EF255EE778003B9D53 /* Controller */ = {
			isa = PBXGroup;
			children = (
				693E46BD2558AC0B0033ECF8 /* WordsViewController.swift */,
			);
			path = Controller;
			sourceTree = "<group>";
		};
		699E06F9255F6238003B9D53 /* View */ = {
			isa = PBXGroup;
			children = (
				693E46BF2558AC0B0033ECF8 /* Main.storyboard */,
			);
			path = View;
			sourceTree = "<group>";
		};
		699E06FC255F62BF003B9D53 /* Model */ = {
			isa = PBXGroup;
			children = (
				6925ED33255E1EDF00C18EE5 /* Word.swift */,
				699E06FE255F6597003B9D53 /* LibraryService.swift */,
			);
			path = Model;
			sourceTree = "<group>";
		};
		EE69AB36249B7BE90714030B /* Pods */ = {
			isa = PBXGroup;
			children = (
				2459B8D189A9C5F52D232828 /* Pods-Learn Useful Words.debug.xcconfig */,
				CB2A12A25D23FCF758FE9B28 /* Pods-Learn Useful Words.release.xcconfig */,
			);
			path = Pods;
			sourceTree = "<group>";
		};
/* End PBXGroup section */

/* Begin PBXNativeTarget section */
		693E46B52558AC0B0033ECF8 /* Learn Useful Words */ = {
			isa = PBXNativeTarget;
			buildConfigurationList = 693E46CA2558AC0D0033ECF8 /* Build configuration list for PBXNativeTarget "Learn Useful Words" */;
			buildPhases = (
				599A46F3B5ABFC11EF4C2FC0 /* [CP] Check Pods Manifest.lock */,
				693E46B22558AC0B0033ECF8 /* Sources */,
				693E46B32558AC0B0033ECF8 /* Frameworks */,
				693E46B42558AC0B0033ECF8 /* Resources */,
				AAD7AE04E6FEB65883A0664B /* [CP] Embed Pods Frameworks */,
			);
			buildRules = (
			);
			dependencies = (
			);
			name = "Learn Useful Words";
			productName = "Learn Useful Words";
			productReference = 693E46B62558AC0B0033ECF8 /* Learn Useful Words.app */;
			productType = "com.apple.product-type.application";
		};
/* End PBXNativeTarget section */

/* Begin PBXProject section */
		693E46AE2558AC0B0033ECF8 /* Project object */ = {
			isa = PBXProject;
			attributes = {
				LastSwiftUpdateCheck = 1210;
				LastUpgradeCheck = 1210;
				TargetAttributes = {
					693E46B52558AC0B0033ECF8 = {
						CreatedOnToolsVersion = 12.1;
					};
				};
			};
			buildConfigurationList = 693E46B12558AC0B0033ECF8 /* Build configuration list for PBXProject "Learn Useful Words" */;
			compatibilityVersion = "Xcode 9.3";
			developmentRegion = en;
			hasScannedForEncodings = 0;
			knownRegions = (
				en,
				Base,
			);
			mainGroup = 693E46AD2558AC0B0033ECF8;
			productRefGroup = 693E46B72558AC0B0033ECF8 /* Products */;
			projectDirPath = "";
			projectRoot = "";
			targets = (
				693E46B52558AC0B0033ECF8 /* Learn Useful Words */,
			);
		};
/* End PBXProject section */

/* Begin PBXResourcesBuildPhase section */
		693E46B42558AC0B0033ECF8 /* Resources */ = {
			isa = PBXResourcesBuildPhase;
			buildActionMask = 2147483647;
			files = (
				693E46C62558AC0D0033ECF8 /* LaunchScreen.storyboard in Resources */,
				693E46C32558AC0D0033ECF8 /* Assets.xcassets in Resources */,
				693E46C12558AC0B0033ECF8 /* Main.storyboard in Resources */,
			);
			runOnlyForDeploymentPostprocessing = 0;
		};
/* End PBXResourcesBuildPhase section */

/* Begin PBXShellScriptBuildPhase section */
		599A46F3B5ABFC11EF4C2FC0 /* [CP] Check Pods Manifest.lock */ = {
			isa = PBXShellScriptBuildPhase;
			buildActionMask = 2147483647;
			files = (
			);
			inputFileListPaths = (
			);
			inputPaths = (
				"${PODS_PODFILE_DIR_PATH}/Podfile.lock",
				"${PODS_ROOT}/Manifest.lock",
			);
			name = "[CP] Check Pods Manifest.lock";
			outputFileListPaths = (
			);
			outputPaths = (
				"$(DERIVED_FILE_DIR)/Pods-Learn Useful Words-checkManifestLockResult.txt",
			);
			runOnlyForDeploymentPostprocessing = 0;
			shellPath = /bin/sh;
			shellScript = "diff \"${PODS_PODFILE_DIR_PATH}/Podfile.lock\" \"${PODS_ROOT}/Manifest.lock\" > /dev/null\nif [ $? != 0 ] ; then\n    # print error to STDERR\n    echo \"error: The sandbox is not in sync with the Podfile.lock. Run 'pod install' or update your CocoaPods installation.\" >&2\n    exit 1\nfi\n# This output is used by Xcode 'outputs' to avoid re-running this script phase.\necho \"SUCCESS\" > \"${SCRIPT_OUTPUT_FILE_0}\"\n";
			showEnvVarsInLog = 0;
		};
		AAD7AE04E6FEB65883A0664B /* [CP] Embed Pods Frameworks */ = {
			isa = PBXShellScriptBuildPhase;
			buildActionMask = 2147483647;
			files = (
			);
			inputFileListPaths = (
				"${PODS_ROOT}/Target Support Files/Pods-Learn Useful Words/Pods-Learn Useful Words-frameworks-${CONFIGURATION}-input-files.xcfilelist",
			);
			name = "[CP] Embed Pods Frameworks";
			outputFileListPaths = (
				"${PODS_ROOT}/Target Support Files/Pods-Learn Useful Words/Pods-Learn Useful Words-frameworks-${CONFIGURATION}-output-files.xcfilelist",
			);
			runOnlyForDeploymentPostprocessing = 0;
			shellPath = /bin/sh;
			shellScript = "\"${PODS_ROOT}/Target Support Files/Pods-Learn Useful Words/Pods-Learn Useful Words-frameworks.sh\"\n";
			showEnvVarsInLog = 0;
		};
/* End PBXShellScriptBuildPhase section */

/* Begin PBXSourcesBuildPhase section */
		693E46B22558AC0B0033ECF8 /* Sources */ = {
			isa = PBXSourcesBuildPhase;
			buildActionMask = 2147483647;
			files = (
				69A1B346257586EC008FF044 /* OAuthGetTokenStateImpl+OAuthGetTokenState.swift in Sources */,
				693E46BE2558AC0B0033ECF8 /* WordsViewController.swift in Sources */,
				696384F42563693C0025C61A /* K.swift in Sources */,
				6925ED34255E1EDF00C18EE5 /* Word.swift in Sources */,
				693E46BA2558AC0B0033ECF8 /* AppDelegate.swift in Sources */,
				69A1B3432575609E008FF044 /* OAuthTokenEndpointResponse.swift in Sources */,
				699E06FF255F6597003B9D53 /* LibraryService.swift in Sources */,
				693E46BC2558AC0B0033ECF8 /* SceneDelegate.swift in Sources */,
				699E06F4255EE998003B9D53 /* WordsApiImpl+WordsApi.swift in Sources */,
				69BA4E7725709EEF00C72B61 /* OAuthService.swift in Sources */,
			);
			runOnlyForDeploymentPostprocessing = 0;
		};
/* End PBXSourcesBuildPhase section */

/* Begin PBXVariantGroup section */
		693E46BF2558AC0B0033ECF8 /* Main.storyboard */ = {
			isa = PBXVariantGroup;
			children = (
				693E46C02558AC0B0033ECF8 /* Base */,
			);
			name = Main.storyboard;
			sourceTree = "<group>";
		};
		693E46C42558AC0D0033ECF8 /* LaunchScreen.storyboard */ = {
			isa = PBXVariantGroup;
			children = (
				693E46C52558AC0D0033ECF8 /* Base */,
			);
			name = LaunchScreen.storyboard;
			sourceTree = "<group>";
		};
/* End PBXVariantGroup section */

/* Begin XCBuildConfiguration section */
		693E46C82558AC0D0033ECF8 /* Debug */ = {
			isa = XCBuildConfiguration;
			buildSettings = {
				ALWAYS_SEARCH_USER_PATHS = NO;
				CLANG_ANALYZER_NONNULL = YES;
				CLANG_ANALYZER_NUMBER_OBJECT_CONVERSION = YES_AGGRESSIVE;
				CLANG_CXX_LANGUAGE_STANDARD = "gnu++14";
				CLANG_CXX_LIBRARY = "libc++";
				CLANG_ENABLE_MODULES = YES;
				CLANG_ENABLE_OBJC_ARC = YES;
				CLANG_ENABLE_OBJC_WEAK = YES;
				CLANG_WARN_BLOCK_CAPTURE_AUTORELEASING = YES;
				CLANG_WARN_BOOL_CONVERSION = YES;
				CLANG_WARN_COMMA = YES;
				CLANG_WARN_CONSTANT_CONVERSION = YES;
				CLANG_WARN_DEPRECATED_OBJC_IMPLEMENTATIONS = YES;
				CLANG_WARN_DIRECT_OBJC_ISA_USAGE = YES_ERROR;
				CLANG_WARN_DOCUMENTATION_COMMENTS = YES;
				CLANG_WARN_EMPTY_BODY = YES;
				CLANG_WARN_ENUM_CONVERSION = YES;
				CLANG_WARN_INFINITE_RECURSION = YES;
				CLANG_WARN_INT_CONVERSION = YES;
				CLANG_WARN_NON_LITERAL_NULL_CONVERSION = YES;
				CLANG_WARN_OBJC_IMPLICIT_RETAIN_SELF = YES;
				CLANG_WARN_OBJC_LITERAL_CONVERSION = YES;
				CLANG_WARN_OBJC_ROOT_CLASS = YES_ERROR;
				CLANG_WARN_QUOTED_INCLUDE_IN_FRAMEWORK_HEADER = YES;
				CLANG_WARN_RANGE_LOOP_ANALYSIS = YES;
				CLANG_WARN_STRICT_PROTOTYPES = YES;
				CLANG_WARN_SUSPICIOUS_MOVE = YES;
				CLANG_WARN_UNGUARDED_AVAILABILITY = YES_AGGRESSIVE;
				CLANG_WARN_UNREACHABLE_CODE = YES;
				CLANG_WARN__DUPLICATE_METHOD_MATCH = YES;
				COPY_PHASE_STRIP = NO;
				DEBUG_INFORMATION_FORMAT = dwarf;
				ENABLE_STRICT_OBJC_MSGSEND = YES;
				ENABLE_TESTABILITY = YES;
				GCC_C_LANGUAGE_STANDARD = gnu11;
				GCC_DYNAMIC_NO_PIC = NO;
				GCC_NO_COMMON_BLOCKS = YES;
				GCC_OPTIMIZATION_LEVEL = 0;
				GCC_PREPROCESSOR_DEFINITIONS = (
					"DEBUG=1",
					"$(inherited)",
				);
				GCC_WARN_64_TO_32_BIT_CONVERSION = YES;
				GCC_WARN_ABOUT_RETURN_TYPE = YES_ERROR;
				GCC_WARN_UNDECLARED_SELECTOR = YES;
				GCC_WARN_UNINITIALIZED_AUTOS = YES_AGGRESSIVE;
				GCC_WARN_UNUSED_FUNCTION = YES;
				GCC_WARN_UNUSED_VARIABLE = YES;
				IPHONEOS_DEPLOYMENT_TARGET = 14.2;
				MTL_ENABLE_DEBUG_INFO = INCLUDE_SOURCE;
				MTL_FAST_MATH = YES;
				ONLY_ACTIVE_ARCH = YES;
				SDKROOT = iphoneos;
				SWIFT_ACTIVE_COMPILATION_CONDITIONS = DEBUG;
				SWIFT_OPTIMIZATION_LEVEL = "-Onone";
			};
			name = Debug;
		};
		693E46C92558AC0D0033ECF8 /* Release */ = {
			isa = XCBuildConfiguration;
			buildSettings = {
				ALWAYS_SEARCH_USER_PATHS = NO;
				CLANG_ANALYZER_NONNULL = YES;
				CLANG_ANALYZER_NUMBER_OBJECT_CONVERSION = YES_AGGRESSIVE;
				CLANG_CXX_LANGUAGE_STANDARD = "gnu++14";
				CLANG_CXX_LIBRARY = "libc++";
				CLANG_ENABLE_MODULES = YES;
				CLANG_ENABLE_OBJC_ARC = YES;
				CLANG_ENABLE_OBJC_WEAK = YES;
				CLANG_WARN_BLOCK_CAPTURE_AUTORELEASING = YES;
				CLANG_WARN_BOOL_CONVERSION = YES;
				CLANG_WARN_COMMA = YES;
				CLANG_WARN_CONSTANT_CONVERSION = YES;
				CLANG_WARN_DEPRECATED_OBJC_IMPLEMENTATIONS = YES;
				CLANG_WARN_DIRECT_OBJC_ISA_USAGE = YES_ERROR;
				CLANG_WARN_DOCUMENTATION_COMMENTS = YES;
				CLANG_WARN_EMPTY_BODY = YES;
				CLANG_WARN_ENUM_CONVERSION = YES;
				CLANG_WARN_INFINITE_RECURSION = YES;
				CLANG_WARN_INT_CONVERSION = YES;
				CLANG_WARN_NON_LITERAL_NULL_CONVERSION = YES;
				CLANG_WARN_OBJC_IMPLICIT_RETAIN_SELF = YES;
				CLANG_WARN_OBJC_LITERAL_CONVERSION = YES;
				CLANG_WARN_OBJC_ROOT_CLASS = YES_ERROR;
				CLANG_WARN_QUOTED_INCLUDE_IN_FRAMEWORK_HEADER = YES;
				CLANG_WARN_RANGE_LOOP_ANALYSIS = YES;
				CLANG_WARN_STRICT_PROTOTYPES = YES;
				CLANG_WARN_SUSPICIOUS_MOVE = YES;
				CLANG_WARN_UNGUARDED_AVAILABILITY = YES_AGGRESSIVE;
				CLANG_WARN_UNREACHABLE_CODE = YES;
				CLANG_WARN__DUPLICATE_METHOD_MATCH = YES;
				COPY_PHASE_STRIP = NO;
				DEBUG_INFORMATION_FORMAT = "dwarf-with-dsym";
				ENABLE_NS_ASSERTIONS = NO;
				ENABLE_STRICT_OBJC_MSGSEND = YES;
				GCC_C_LANGUAGE_STANDARD = gnu11;
				GCC_NO_COMMON_BLOCKS = YES;
				GCC_WARN_64_TO_32_BIT_CONVERSION = YES;
				GCC_WARN_ABOUT_RETURN_TYPE = YES_ERROR;
				GCC_WARN_UNDECLARED_SELECTOR = YES;
				GCC_WARN_UNINITIALIZED_AUTOS = YES_AGGRESSIVE;
				GCC_WARN_UNUSED_FUNCTION = YES;
				GCC_WARN_UNUSED_VARIABLE = YES;
				IPHONEOS_DEPLOYMENT_TARGET = 14.2;
				MTL_ENABLE_DEBUG_INFO = NO;
				MTL_FAST_MATH = YES;
				SDKROOT = iphoneos;
				SWIFT_COMPILATION_MODE = wholemodule;
				SWIFT_OPTIMIZATION_LEVEL = "-O";
				VALIDATE_PRODUCT = YES;
			};
			name = Release;
		};
		693E46CB2558AC0D0033ECF8 /* Debug */ = {
			isa = XCBuildConfiguration;
			baseConfigurationReference = 2459B8D189A9C5F52D232828 /* Pods-Learn Useful Words.debug.xcconfig */;
			buildSettings = {
				ASSETCATALOG_COMPILER_APPICON_NAME = AppIcon;
				ASSETCATALOG_COMPILER_GLOBAL_ACCENT_COLOR_NAME = AccentColor;
				CODE_SIGN_STYLE = Automatic;
				DEVELOPMENT_TEAM = 22QTK67SPK;
				INFOPLIST_FILE = "Learn Useful Words/Info.plist";
				LD_RUNPATH_SEARCH_PATHS = (
					"$(inherited)",
					"@executable_path/Frameworks",
				);
				PRODUCT_BUNDLE_IDENTIFIER = "com.learnusefulwords.Learn-Useful-Words";
				PRODUCT_NAME = "$(TARGET_NAME)";
				SWIFT_VERSION = 5.0;
				TARGETED_DEVICE_FAMILY = "1,2";
			};
			name = Debug;
		};
		693E46CC2558AC0D0033ECF8 /* Release */ = {
			isa = XCBuildConfiguration;
			baseConfigurationReference = CB2A12A25D23FCF758FE9B28 /* Pods-Learn Useful Words.release.xcconfig */;
			buildSettings = {
				ASSETCATALOG_COMPILER_APPICON_NAME = AppIcon;
				ASSETCATALOG_COMPILER_GLOBAL_ACCENT_COLOR_NAME = AccentColor;
				CODE_SIGN_STYLE = Automatic;
				DEVELOPMENT_TEAM = 22QTK67SPK;
				INFOPLIST_FILE = "Learn Useful Words/Info.plist";
				LD_RUNPATH_SEARCH_PATHS = (
					"$(inherited)",
					"@executable_path/Frameworks",
				);
				PRODUCT_BUNDLE_IDENTIFIER = "com.learnusefulwords.Learn-Useful-Words";
				PRODUCT_NAME = "$(TARGET_NAME)";
				SWIFT_VERSION = 5.0;
				TARGETED_DEVICE_FAMILY = "1,2";
			};
			name = Release;
		};
/* End XCBuildConfiguration section */

/* Begin XCConfigurationList section */
		693E46B12558AC0B0033ECF8 /* Build configuration list for PBXProject "Learn Useful Words" */ = {
			isa = XCConfigurationList;
			buildConfigurations = (
				693E46C82558AC0D0033ECF8 /* Debug */,
				693E46C92558AC0D0033ECF8 /* Release */,
			);
			defaultConfigurationIsVisible = 0;
			defaultConfigurationName = Release;
		};
		693E46CA2558AC0D0033ECF8 /* Build configuration list for PBXNativeTarget "Learn Useful Words" */ = {
			isa = XCConfigurationList;
			buildConfigurations = (
				693E46CB2558AC0D0033ECF8 /* Debug */,
				693E46CC2558AC0D0033ECF8 /* Release */,
			);
			defaultConfigurationIsVisible = 0;
			defaultConfigurationName = Release;
		};
/* End XCConfigurationList section */
	};
	rootObject = 693E46AE2558AC0B0033ECF8 /* Project object */;
}
